
Microsoft Visual Studio Solution File, Format Version 12.00
# Visual Studio Version 16
VisualStudioVersion = 16.0.31515.178
MinimumVisualStudioVersion = 10.0.40219.1
Project("{FAE04EC0-301F-11D3-BF4B-00C04F79EFBC}") = "Demo_Reflection", "Demo_Reflection.csproj", "{A051AE29-4151-46C4-B314-54341246B628}"
EndProject
Global
	GlobalSection(SolutionConfigurationPlatforms) = preSolution
		Debug|Any CPU = Debug|Any CPU
		Release|Any CPU = Release|Any CPU
	EndGlobalSection
	GlobalSection(ProjectConfigurationPlatforms) = postSolution
		{A051AE29-4151-46C4-B314-54341246B628}.Debug|Any CPU.ActiveCfg = Debug|Any CPU
		{A051AE29-4151-46C4-B314-54341246B628}.Debug|Any CPU.Build.0 = Debug|Any CPU
		{A051AE29-4151-46C4-B314-54341246B628}.Release|Any CPU.ActiveCfg = Release|Any CPU
		{A051AE29-4151-46C4-B314-54341246B628}.Release|Any CPU.Build.0 = Release|Any CPU
	EndGlobalSection
	GlobalSection(SolutionProperties) = preSolution
		HideSolutionNode = FALSE
	EndGlobalSection
	GlobalSection(ExtensibilityGlobals) = postSolution
		SolutionGuid = {1584AA23-749F-418A-9BC9-B64C61DE30AE}
	EndGlobalSection
EndGlobal
